Microsoft Visual Studio Solution File, Format Version 12.00
# Visual Studio Version 17
VisualStudioVersion = 17.5.2.0
MinimumVisualStudioVersion = 10.0.40219.1
Project("{FAE04EC0-301F-11D3-BF4B-00C04F79EFBC}") = "Number tournament", "Number tournament.csproj", "{8C3BA630-3D5D-106A-BB45-8F54B8B1FBF5}"
EndProject
Global
	GlobalSection(SolutionConfigurationPlatforms) = preSolution
		Debug|Any CPU = Debug|Any CPU
		Release|Any CPU = Release|Any CPU
	EndGlobalSection
	GlobalSection(ProjectConfigurationPlatforms) = postSolution
		{8C3BA630-3D5D-106A-BB45-8F54B8B1FBF5}.Debug|Any CPU.ActiveCfg = Debug|Any CPU
		{8C3BA630-3D5D-106A-BB45-8F54B8B1FBF5}.Debug|Any CPU.Build.0 = Debug|Any CPU
		{8C3BA630-3D5D-106A-BB45-8F54B8B1FBF5}.Release|Any CPU.ActiveCfg = Release|Any CPU
		{8C3BA630-3D5D-106A-BB45-8F54B8B1FBF5}.Release|Any CPU.Build.0 = Release|Any CPU
	EndGlobalSection
	GlobalSection(SolutionProperties) = preSolution
		HideSolutionNode = FALSE
	EndGlobalSection
	GlobalSection(ExtensibilityGlobals) = postSolution
		SolutionGuid = {154E2067-4F08-4B42-9109-E78051297A37}
	EndGlobalSection
EndGlobal
